
Microsoft Visual Studio Solution File, Format Version 12.00
# Visual Studio Version 17
VisualStudioVersion = 17.10.35004.147
MinimumVisualStudioVersion = 10.0.40219.1
Project("{9A19103F-16F7-4668-BE54-9A1E7A4F7556}") = "PracticaForms", "PracticaForms\PracticaForms.csproj", "{8B9E469E-2296-465C-9992-570D47981F4D}"
EndProject
Project("{9A19103F-16F7-4668-BE54-9A1E7A4F7556}") = "PracticaTruchaParc", "PracticaTruchaParc\PracticaTruchaParc.csproj", "{7698BC6F-E790-4470-B7F2-6842A066DE29}"
EndProject
Project("{FAE04EC0-301F-11D3-BF4B-00C04F79EFBC}") = "MisClases", "MisClases\MisClases.csproj", "{DCE3B948-E3D0-4ECE-B1A2-75B0F5090CDB}"
EndProject
Project("{FAE04EC0-301F-11D3-BF4B-00C04F79EFBC}") = "MainCliente", "MainCliente\MainCliente.csproj", "{7D1958C9-3FCF-47E2-B494-AE9668BB9D6E}"
EndProject
Global
	GlobalSection(SolutionConfigurationPlatforms) = preSolution
		Debug|Any CPU = Debug|Any CPU
		Release|Any CPU = Release|Any CPU
	EndGlobalSection
	GlobalSection(ProjectConfigurationPlatforms) = postSolution
		{8B9E469E-2296-465C-9992-570D47981F4D}.Debug|Any CPU.ActiveCfg = Debug|Any CPU
		{8B9E469E-2296-465C-9992-570D47981F4D}.Debug|Any CPU.Build.0 = Debug|Any CPU
		{8B9E469E-2296-465C-9992-570D47981F4D}.Release|Any CPU.ActiveCfg = Release|Any CPU
		{8B9E469E-2296-465C-9992-570D47981F4D}.Release|Any CPU.Build.0 = Release|Any CPU
		{7698BC6F-E790-4470-B7F2-6842A066DE29}.Debug|Any CPU.ActiveCfg = Debug|Any CPU
		{7698BC6F-E790-4470-B7F2-6842A066DE29}.Debug|Any CPU.Build.0 = Debug|Any CPU
		{7698BC6F-E790-4470-B7F2-6842A066DE29}.Release|Any CPU.ActiveCfg = Release|Any CPU
		{7698BC6F-E790-4470-B7F2-6842A066DE29}.Release|Any CPU.Build.0 = Release|Any CPU
		{DCE3B948-E3D0-4ECE-B1A2-75B0F5090CDB}.Debug|Any CPU.ActiveCfg = Debug|Any CPU
		{DCE3B948-E3D0-4ECE-B1A2-75B0F5090CDB}.Debug|Any CPU.Build.0 = Debug|Any CPU
		{DCE3B948-E3D0-4ECE-B1A2-75B0F5090CDB}.Release|Any CPU.ActiveCfg = Release|Any CPU
		{DCE3B948-E3D0-4ECE-B1A2-75B0F5090CDB}.Release|Any CPU.Build.0 = Release|Any CPU
		{7D1958C9-3FCF-47E2-B494-AE9668BB9D6E}.Debug|Any CPU.ActiveCfg = Debug|Any CPU
		{7D1958C9-3FCF-47E2-B494-AE9668BB9D6E}.Debug|Any CPU.Build.0 = Debug|Any CPU
		{7D1958C9-3FCF-47E2-B494-AE9668BB9D6E}.Release|Any CPU.ActiveCfg = Release|Any CPU
		{7D1958C9-3FCF-47E2-B494-AE9668BB9D6E}.Release|Any CPU.Build.0 = Release|Any CPU
	EndGlobalSection
	GlobalSection(SolutionProperties) = preSolution
		HideSolutionNode = FALSE
	EndGlobalSection
	GlobalSection(ExtensibilityGlobals) = postSolution
		SolutionGuid = {0A32E77C-78FC-453F-8D21-288484F7EDA8}
	EndGlobalSection
EndGlobal
